// !$*UTF8*$!
{
	archiveVersion = 1;
	classes = {
	};
	objectVersion = 55;
	objects = {

/* Begin PBXBuildFile section */
		5DFCBE742807892E007BAE86 /* LoginViewController.swift in Sources */ = {isa = PBXBuildFile; fileRef = 5DFCBE732807892E007BAE86 /* LoginViewController.swift */; };
		5DFCBE762807893F007BAE86 /* FeedViewController.swift in Sources */ = {isa = PBXBuildFile; fileRef = 5DFCBE752807893F007BAE86 /* FeedViewController.swift */; };
		9BE7897527FA017900DF95AE /* AppDelegate.swift in Sources */ = {isa = PBXBuildFile; fileRef = 9BE7897427FA017900DF95AE /* AppDelegate.swift */; };
		9BE7897727FA017900DF95AE /* SceneDelegate.swift in Sources */ = {isa = PBXBuildFile; fileRef = 9BE7897627FA017900DF95AE /* SceneDelegate.swift */; };
		9BE7897927FA017900DF95AE /* ViewController.swift in Sources */ = {isa = PBXBuildFile; fileRef = 9BE7897827FA017900DF95AE /* ViewController.swift */; };
		9BE7897C27FA017900DF95AE /* Main.storyboard in Resources */ = {isa = PBXBuildFile; fileRef = 9BE7897A27FA017900DF95AE /* Main.storyboard */; };
		9BE7897E27FA017C00DF95AE /* Assets.xcassets in Resources */ = {isa = PBXBuildFile; fileRef = 9BE7897D27FA017C00DF95AE /* Assets.xcassets */; };
		9BE7898127FA017C00DF95AE /* LaunchScreen.storyboard in Resources */ = {isa = PBXBuildFile; fileRef = 9BE7897F27FA017C00DF95AE /* LaunchScreen.storyboard */; };
		9BE7898C27FA017D00DF95AE /* UBRateMyProfessorTests.swift in Sources */ = {isa = PBXBuildFile; fileRef = 9BE7898B27FA017D00DF95AE /* UBRateMyProfessorTests.swift */; };
		9BE7899627FA017D00DF95AE /* UBRateMyProfessorUITests.swift in Sources */ = {isa = PBXBuildFile; fileRef = 9BE7899527FA017D00DF95AE /* UBRateMyProfessorUITests.swift */; };
		9BE7899827FA017D00DF95AE /* UBRateMyProfessorUITestsLaunchTests.swift in Sources */ = {isa = PBXBuildFile; fileRef = 9BE7899727FA017D00DF95AE /* UBRateMyProfessorUITestsLaunchTests.swift */; };
		ABCCB44E7246A6044DC8946D /* Pods_UBRateMyProfessor.framework in Frameworks */ = {isa = PBXBuildFile; fileRef = 30A0AD4A7299D241804B8407 /* Pods_UBRateMyProfessor.framework */; };
		B4AEDD37D704928E1FBCCE3D /* Pods_UBRateMyProfessor_UBRateMyProfessorUITests.framework in Frameworks */ = {isa = PBXBuildFile; fileRef = FC923277FE3C9B97F0350B7A /* Pods_UBRateMyProfessor_UBRateMyProfessorUITests.framework */; };
		D803DA0228065FAB00F2F67B /* PostsController.swift in Sources */ = {isa = PBXBuildFile; fileRef = D803DA0128065FAB00F2F67B /* PostsController.swift */; };
		D803DA0428078A1E00F2F67B /* ProfessorsViewController.swift in Sources */ = {isa = PBXBuildFile; fileRef = D803DA0328078A1E00F2F67B /* ProfessorsViewController.swift */; };
		D803DA0628078A5500F2F67B /* professorCell.swift in Sources */ = {isa = PBXBuildFile; fileRef = D803DA0528078A5500F2F67B /* professorCell.swift */; };
		DE7094D78017FD665022A9EE /* Pods_UBRateMyProfessorTests.framework in Frameworks */ = {isa = PBXBuildFile; fileRef = 3A442AD9D32C92123A836A8F /* Pods_UBRateMyProfessorTests.framework */; };
/* End PBXBuildFile section */

/* Begin PBXContainerItemProxy section */
		9BE7898827FA017D00DF95AE /* PBXContainerItemProxy */ = {
			isa = PBXContainerItemProxy;
			containerPortal = 9BE7896927FA017900DF95AE /* Project object */;
			proxyType = 1;
			remoteGlobalIDString = 9BE7897027FA017900DF95AE;
			remoteInfo = UBRateMyProfessor;
		};
		9BE7899227FA017D00DF95AE /* PBXContainerItemProxy */ = {
			isa = PBXContainerItemProxy;
			containerPortal = 9BE7896927FA017900DF95AE /* Project object */;
			proxyType = 1;
			remoteGlobalIDString = 9BE7897027FA017900DF95AE;
			remoteInfo = UBRateMyProfessor;
		};
/* End PBXContainerItemProxy section */

/* Begin PBXFileReference section */
		053F2AB519B1450E59E00742 /* Pods-UBRateMyProfessor-UBRateMyProfessorUITests.release.xcconfig */ = {isa = PBXFileReference; includeInIndex = 1; lastKnownFileType = text.xcconfig; name = "Pods-UBRateMyProfessor-UBRateMyProfessorUITests.release.xcconfig"; path = "Target Support Files/Pods-UBRateMyProfessor-UBRateMyProfessorUITests/Pods-UBRateMyProfessor-UBRateMyProfessorUITests.release.xcconfig"; sourceTree = "<group>"; };
		0BD6F52FAC1531EF4B0C525E /* Pods-UBRateMyProfessor.debug.xcconfig */ = {isa = PBXFileReference; includeInIndex = 1; lastKnownFileType = text.xcconfig; name = "Pods-UBRateMyProfessor.debug.xcconfig"; path = "Target Support Files/Pods-UBRateMyProfessor/Pods-UBRateMyProfessor.debug.xcconfig"; sourceTree = "<group>"; };
		30A0AD4A7299D241804B8407 /* Pods_UBRateMyProfessor.framework */ = {isa = PBXFileReference; explicitFileType = wrapper.framework; includeInIndex = 0; path = Pods_UBRateMyProfessor.framework; sourceTree = BUILT_PRODUCTS_DIR; };
		3A442AD9D32C92123A836A8F /* Pods_UBRateMyProfessorTests.framework */ = {isa = PBXFileReference; explicitFileType = wrapper.framework; includeInIndex = 0; path = Pods_UBRateMyProfessorTests.framework; sourceTree = BUILT_PRODUCTS_DIR; };
		4EB93214786E59908565258D /* Pods-UBRateMyProfessorTests.release.xcconfig */ = {isa = PBXFileReference; includeInIndex = 1; lastKnownFileType = text.xcconfig; name = "Pods-UBRateMyProfessorTests.release.xcconfig"; path = "Target Support Files/Pods-UBRateMyProfessorTests/Pods-UBRateMyProfessorTests.release.xcconfig"; sourceTree = "<group>"; };
		5DFCBE732807892E007BAE86 /* LoginViewController.swift */ = {isa = PBXFileReference; lastKnownFileType = sourcecode.swift; path = LoginViewController.swift; sourceTree = "<group>"; };
		5DFCBE752807893F007BAE86 /* FeedViewController.swift */ = {isa = PBXFileReference; lastKnownFileType = sourcecode.swift; path = FeedViewController.swift; sourceTree = "<group>"; };
		9BE7897127FA017900DF95AE /* UBRateMyProfessor.app */ = {isa = PBXFileReference; explicitFileType = wrapper.application; includeInIndex = 0; path = UBRateMyProfessor.app; sourceTree = BUILT_PRODUCTS_DIR; };
		9BE7897427FA017900DF95AE /* AppDelegate.swift */ = {isa = PBXFileReference; lastKnownFileType = sourcecode.swift; path = AppDelegate.swift; sourceTree = "<group>"; };
		9BE7897627FA017900DF95AE /* SceneDelegate.swift */ = {isa = PBXFileReference; lastKnownFileType = sourcecode.swift; path = SceneDelegate.swift; sourceTree = "<group>"; };
		9BE7897827FA017900DF95AE /* ViewController.swift */ = {isa = PBXFileReference; lastKnownFileType = sourcecode.swift; path = ViewController.swift; sourceTree = "<group>"; };
		9BE7897B27FA017900DF95AE /* Base */ = {isa = PBXFileReference; lastKnownFileType = file.storyboard; name = Base; path = Base.lproj/Main.storyboard; sourceTree = "<group>"; };
		9BE7897D27FA017C00DF95AE /* Assets.xcassets */ = {isa = PBXFileReference; lastKnownFileType = folder.assetcatalog; path = Assets.xcassets; sourceTree = "<group>"; };
		9BE7898027FA017C00DF95AE /* Base */ = {isa = PBXFileReference; lastKnownFileType = file.storyboard; name = Base; path = Base.lproj/LaunchScreen.storyboard; sourceTree = "<group>"; };
		9BE7898227FA017C00DF95AE /* Info.plist */ = {isa = PBXFileReference; lastKnownFileType = text.plist.xml; path = Info.plist; sourceTree = "<group>"; };
		9BE7898727FA017D00DF95AE /* UBRateMyProfessorTests.xctest */ = {isa = PBXFileReference; explicitFileType = wrapper.cfbundle; includeInIndex = 0; path = UBRateMyProfessorTests.xctest; sourceTree = BUILT_PRODUCTS_DIR; };
		9BE7898B27FA017D00DF95AE /* UBRateMyProfessorTests.swift */ = {isa = PBXFileReference; lastKnownFileType = sourcecode.swift; path = UBRateMyProfessorTests.swift; sourceTree = "<group>"; };
		9BE7899127FA017D00DF95AE /* UBRateMyProfessorUITests.xctest */ = {isa = PBXFileReference; explicitFileType = wrapper.cfbundle; includeInIndex = 0; path = UBRateMyProfessorUITests.xctest; sourceTree = BUILT_PRODUCTS_DIR; };
		9BE7899527FA017D00DF95AE /* UBRateMyProfessorUITests.swift */ = {isa = PBXFileReference; lastKnownFileType = sourcecode.swift; path = UBRateMyProfessorUITests.swift; sourceTree = "<group>"; };
		9BE7899727FA017D00DF95AE /* UBRateMyProfessorUITestsLaunchTests.swift */ = {isa = PBXFileReference; lastKnownFileType = sourcecode.swift; path = UBRateMyProfessorUITestsLaunchTests.swift; sourceTree = "<group>"; };
		AAE2B947BBD0E36ECD72FDCF /* Pods-UBRateMyProfessorTests.debug.xcconfig */ = {isa = PBXFileReference; includeInIndex = 1; lastKnownFileType = text.xcconfig; name = "Pods-UBRateMyProfessorTests.debug.xcconfig"; path = "Target Support Files/Pods-UBRateMyProfessorTests/Pods-UBRateMyProfessorTests.debug.xcconfig"; sourceTree = "<group>"; };
		B5389B4497EEB7497D32325D /* Pods-UBRateMyProfessor.release.xcconfig */ = {isa = PBXFileReference; includeInIndex = 1; lastKnownFileType = text.xcconfig; name = "Pods-UBRateMyProfessor.release.xcconfig"; path = "Target Support Files/Pods-UBRateMyProfessor/Pods-UBRateMyProfessor.release.xcconfig"; sourceTree = "<group>"; };
		D803DA0128065FAB00F2F67B /* PostsController.swift */ = {isa = PBXFileReference; lastKnownFileType = sourcecode.swift; path = PostsController.swift; sourceTree = "<group>"; };
		D803DA0328078A1E00F2F67B /* ProfessorsViewController.swift */ = {isa = PBXFileReference; lastKnownFileType = sourcecode.swift; path = ProfessorsViewController.swift; sourceTree = "<group>"; };
		D803DA0528078A5500F2F67B /* professorCell.swift */ = {isa = PBXFileReference; lastKnownFileType = sourcecode.swift; path = professorCell.swift; sourceTree = "<group>"; };
		FC923277FE3C9B97F0350B7A /* Pods_UBRateMyProfessor_UBRateMyProfessorUITests.framework */ = {isa = PBXFileReference; explicitFileType = wrapper.framework; includeInIndex = 0; path = Pods_UBRateMyProfessor_UBRateMyProfessorUITests.framework; sourceTree = BUILT_PRODUCTS_DIR; };
		FEEAFECA1A493415CB927B41 /* Pods-UBRateMyProfessor-UBRateMyProfessorUITests.debug.xcconfig */ = {isa = PBXFileReference; includeInIndex = 1; lastKnownFileType = text.xcconfig; name = "Pods-UBRateMyProfessor-UBRateMyProfessorUITests.debug.xcconfig"; path = "Target Support Files/Pods-UBRateMyProfessor-UBRateMyProfessorUITests/Pods-UBRateMyProfessor-UBRateMyProfessorUITests.debug.xcconfig"; sourceTree = "<group>"; };
/* End PBXFileReference section */

/* Begin PBXFrameworksBuildPhase section */
		9BE7896E27FA017900DF95AE /* Frameworks */ = {
			isa = PBXFrameworksBuildPhase;
			buildActionMask = 2147483647;
			files = (
				ABCCB44E7246A6044DC8946D /* Pods_UBRateMyProfessor.framework in Frameworks */,
			);
			runOnlyForDeploymentPostprocessing = 0;
		};
		9BE7898427FA017D00DF95AE /* Frameworks */ = {
			isa = PBXFrameworksBuildPhase;
			buildActionMask = 2147483647;
			files = (
				DE7094D78017FD665022A9EE /* Pods_UBRateMyProfessorTests.framework in Frameworks */,
			);
			runOnlyForDeploymentPostprocessing = 0;
		};
		9BE7898E27FA017D00DF95AE /* Frameworks */ = {
			isa = PBXFrameworksBuildPhase;
			buildActionMask = 2147483647;
			files = (
				B4AEDD37D704928E1FBCCE3D /* Pods_UBRateMyProfessor_UBRateMyProfessorUITests.framework in Frameworks */,
			);
			runOnlyForDeploymentPostprocessing = 0;
		};
/* End PBXFrameworksBuildPhase section */

/* Begin PBXGroup section */
		9BE7896827FA017900DF95AE = {
			isa = PBXGroup;
			children = (
				9BE7897327FA017900DF95AE /* UBRateMyProfessor */,
				9BE7898A27FA017D00DF95AE /* UBRateMyProfessorTests */,
				9BE7899427FA017D00DF95AE /* UBRateMyProfessorUITests */,
				9BE7897227FA017900DF95AE /* Products */,
				D788EE24E36D3679470C9D90 /* Pods */,
				F225EF089293506E3E3EFE65 /* Frameworks */,
			);
			sourceTree = "<group>";
		};
		9BE7897227FA017900DF95AE /* Products */ = {
			isa = PBXGroup;
			children = (
				9BE7897127FA017900DF95AE /* UBRateMyProfessor.app */,
				9BE7898727FA017D00DF95AE /* UBRateMyProfessorTests.xctest */,
				9BE7899127FA017D00DF95AE /* UBRateMyProfessorUITests.xctest */,
			);
			name = Products;
			sourceTree = "<group>";
		};
		9BE7897327FA017900DF95AE /* UBRateMyProfessor */ = {
			isa = PBXGroup;
			children = (
				9BE7897427FA017900DF95AE /* AppDelegate.swift */,
				9BE7897627FA017900DF95AE /* SceneDelegate.swift */,
				9BE7897827FA017900DF95AE /* ViewController.swift */,
				9BE7897A27FA017900DF95AE /* Main.storyboard */,
				D803DA0328078A1E00F2F67B /* ProfessorsViewController.swift */,
				D803DA0528078A5500F2F67B /* professorCell.swift */,
				D803DA0128065FAB00F2F67B /* PostsController.swift */,
				9BE7897D27FA017C00DF95AE /* Assets.xcassets */,
				9BE7897F27FA017C00DF95AE /* LaunchScreen.storyboard */,
				9BE7898227FA017C00DF95AE /* Info.plist */,
				5DFCBE732807892E007BAE86 /* LoginViewController.swift */,
				5DFCBE752807893F007BAE86 /* FeedViewController.swift */,
			);
			path = UBRateMyProfessor;
			sourceTree = "<group>";
		};
		9BE7898A27FA017D00DF95AE /* UBRateMyProfessorTests */ = {
			isa = PBXGroup;
			children = (
				9BE7898B27FA017D00DF95AE /* UBRateMyProfessorTests.swift */,
			);
			path = UBRateMyProfessorTests;
			sourceTree = "<group>";
		};
		9BE7899427FA017D00DF95AE /* UBRateMyProfessorUITests */ = {
			isa = PBXGroup;
			children = (
				9BE7899527FA017D00DF95AE /* UBRateMyProfessorUITests.swift */,
				9BE7899727FA017D00DF95AE /* UBRateMyProfessorUITestsLaunchTests.swift */,
			);
			path = UBRateMyProfessorUITests;
			sourceTree = "<group>";
		};
		D788EE24E36D3679470C9D90 /* Pods */ = {
			isa = PBXGroup;
			children = (
				0BD6F52FAC1531EF4B0C525E /* Pods-UBRateMyProfessor.debug.xcconfig */,
				B5389B4497EEB7497D32325D /* Pods-UBRateMyProfessor.release.xcconfig */,
				FEEAFECA1A493415CB927B41 /* Pods-UBRateMyProfessor-UBRateMyProfessorUITests.debug.xcconfig */,
				053F2AB519B1450E59E00742 /* Pods-UBRateMyProfessor-UBRateMyProfessorUITests.release.xcconfig */,
				AAE2B947BBD0E36ECD72FDCF /* Pods-UBRateMyProfessorTests.debug.xcconfig */,
				4EB93214786E59908565258D /* Pods-UBRateMyProfessorTests.release.xcconfig */,
			);
			path = Pods;
			sourceTree = "<group>";
		};
		F225EF089293506E3E3EFE65 /* Frameworks */ = {
			isa = PBXGroup;
			children = (
				30A0AD4A7299D241804B8407 /* Pods_UBRateMyProfessor.framework */,
				FC923277FE3C9B97F0350B7A /* Pods_UBRateMyProfessor_UBRateMyProfessorUITests.framework */,
				3A442AD9D32C92123A836A8F /* Pods_UBRateMyProfessorTests.framework */,
			);
			name = Frameworks;
			sourceTree = "<group>";
		};
/* End PBXGroup section */

/* Begin PBXNativeTarget section */
		9BE7897027FA017900DF95AE /* UBRateMyProfessor */ = {
			isa = PBXNativeTarget;
			buildConfigurationList = 9BE7899B27FA017D00DF95AE /* Build configuration list for PBXNativeTarget "UBRateMyProfessor" */;
			buildPhases = (
				FC68C8CC80CD32AFD79BEE60 /* [CP] Check Pods Manifest.lock */,
				9BE7896D27FA017900DF95AE /* Sources */,
				9BE7896E27FA017900DF95AE /* Frameworks */,
				9BE7896F27FA017900DF95AE /* Resources */,
				0166412A6E02A1A350863DAD /* [CP] Embed Pods Frameworks */,
			);
			buildRules = (
			);
			dependencies = (
			);
			name = UBRateMyProfessor;
			productName = UBRateMyProfessor;
			productReference = 9BE7897127FA017900DF95AE /* UBRateMyProfessor.app */;
			productType = "com.apple.product-type.application";
		};
		9BE7898627FA017D00DF95AE /* UBRateMyProfessorTests */ = {
			isa = PBXNativeTarget;
			buildConfigurationList = 9BE7899E27FA017D00DF95AE /* Build configuration list for PBXNativeTarget "UBRateMyProfessorTests" */;
			buildPhases = (
				5D493DE653602888C792C70C /* [CP] Check Pods Manifest.lock */,
				9BE7898327FA017D00DF95AE /* Sources */,
				9BE7898427FA017D00DF95AE /* Frameworks */,
				9BE7898527FA017D00DF95AE /* Resources */,
			);
			buildRules = (
			);
			dependencies = (
				9BE7898927FA017D00DF95AE /* PBXTargetDependency */,
			);
			name = UBRateMyProfessorTests;
			productName = UBRateMyProfessorTests;
			productReference = 9BE7898727FA017D00DF95AE /* UBRateMyProfessorTests.xctest */;
			productType = "com.apple.product-type.bundle.unit-test";
		};
		9BE7899027FA017D00DF95AE /* UBRateMyProfessorUITests */ = {
			isa = PBXNativeTarget;
			buildConfigurationList = 9BE789A127FA017D00DF95AE /* Build configuration list for PBXNativeTarget "UBRateMyProfessorUITests" */;
			buildPhases = (
				D4BF5D0DFFA61E01A65EF240 /* [CP] Check Pods Manifest.lock */,
				9BE7898D27FA017D00DF95AE /* Sources */,
				9BE7898E27FA017D00DF95AE /* Frameworks */,
				9BE7898F27FA017D00DF95AE /* Resources */,
				7510560A8101F2642D494C93 /* [CP] Embed Pods Frameworks */,
			);
			buildRules = (
			);
			dependencies = (
				9BE7899327FA017D00DF95AE /* PBXTargetDependency */,
			);
			name = UBRateMyProfessorUITests;
			productName = UBRateMyProfessorUITests;
			productReference = 9BE7899127FA017D00DF95AE /* UBRateMyProfessorUITests.xctest */;
			productType = "com.apple.product-type.bundle.ui-testing";
		};
/* End PBXNativeTarget section */

/* Begin PBXProject section */
		9BE7896927FA017900DF95AE /* Project object */ = {
			isa = PBXProject;
			attributes = {
				BuildIndependentTargetsInParallel = 1;
				LastSwiftUpdateCheck = 1320;
				LastUpgradeCheck = 1320;
				TargetAttributes = {
					9BE7897027FA017900DF95AE = {
						CreatedOnToolsVersion = 13.2.1;
					};
					9BE7898627FA017D00DF95AE = {
						CreatedOnToolsVersion = 13.2.1;
						TestTargetID = 9BE7897027FA017900DF95AE;
					};
					9BE7899027FA017D00DF95AE = {
						CreatedOnToolsVersion = 13.2.1;
						TestTargetID = 9BE7897027FA017900DF95AE;
					};
				};
			};
			buildConfigurationList = 9BE7896C27FA017900DF95AE /* Build configuration list for PBXProject "UBRateMyProfessor" */;
			compatibilityVersion = "Xcode 13.0";
			developmentRegion = en;
			hasScannedForEncodings = 0;
			knownRegions = (
				en,
				Base,
			);
			mainGroup = 9BE7896827FA017900DF95AE;
			productRefGroup = 9BE7897227FA017900DF95AE /* Products */;
			projectDirPath = "";
			projectRoot = "";
			targets = (
				9BE7897027FA017900DF95AE /* UBRateMyProfessor */,
				9BE7898627FA017D00DF95AE /* UBRateMyProfessorTests */,
				9BE7899027FA017D00DF95AE /* UBRateMyProfessorUITests */,
			);
		};
/* End PBXProject section */

/* Begin PBXResourcesBuildPhase section */
		9BE7896F27FA017900DF95AE /* Resources */ = {
			isa = PBXResourcesBuildPhase;
			buildActionMask = 2147483647;
			files = (
				9BE7898127FA017C00DF95AE /* LaunchScreen.storyboard in Resources */,
				9BE7897E27FA017C00DF95AE /* Assets.xcassets in Resources */,
				9BE7897C27FA017900DF95AE /* Main.storyboard in Resources */,
			);
			runOnlyForDeploymentPostprocessing = 0;
		};
		9BE7898527FA017D00DF95AE /* Resources */ = {
			isa = PBXResourcesBuildPhase;
			buildActionMask = 2147483647;
			files = (
			);
			runOnlyForDeploymentPostprocessing = 0;
		};
		9BE7898F27FA017D00DF95AE /* Resources */ = {
			isa = PBXResourcesBuildPhase;
			buildActionMask = 2147483647;
			files = (
			);
			runOnlyForDeploymentPostprocessing = 0;
		};
/* End PBXResourcesBuildPhase section */

/* Begin PBXShellScriptBuildPhase section */
		0166412A6E02A1A350863DAD /* [CP] Embed Pods Frameworks */ = {
			isa = PBXShellScriptBuildPhase;
			buildActionMask = 2147483647;
			files = (
			);
			inputFileListPaths = (
				"${PODS_ROOT}/Target Support Files/Pods-UBRateMyProfessor/Pods-UBRateMyProfessor-frameworks-${CONFIGURATION}-input-files.xcfilelist",
			);
			name = "[CP] Embed Pods Frameworks";
			outputFileListPaths = (
				"${PODS_ROOT}/Target Support Files/Pods-UBRateMyProfessor/Pods-UBRateMyProfessor-frameworks-${CONFIGURATION}-output-files.xcfilelist",
			);
			runOnlyForDeploymentPostprocessing = 0;
			shellPath = /bin/sh;
			shellScript = "\"${PODS_ROOT}/Target Support Files/Pods-UBRateMyProfessor/Pods-UBRateMyProfessor-frameworks.sh\"\n";
			showEnvVarsInLog = 0;
		};
		5D493DE653602888C792C70C /* [CP] Check Pods Manifest.lock */ = {
			isa = PBXShellScriptBuildPhase;
			buildActionMask = 2147483647;
			files = (
			);
			inputFileListPaths = (
			);
			inputPaths = (
				"${PODS_PODFILE_DIR_PATH}/Podfile.lock",
				"${PODS_ROOT}/Manifest.lock",
			);
			name = "[CP] Check Pods Manifest.lock";
			outputFileListPaths = (
			);
			outputPaths = (
				"$(DERIVED_FILE_DIR)/Pods-UBRateMyProfessorTests-checkManifestLockResult.txt",
			);
			runOnlyForDeploymentPostprocessing = 0;
			shellPath = /bin/sh;
			shellScript = "diff \"${PODS_PODFILE_DIR_PATH}/Podfile.lock\" \"${PODS_ROOT}/Manifest.lock\" > /dev/null\nif [ $? != 0 ] ; then\n    # print error to STDERR\n    echo \"error: The sandbox is not in sync with the Podfile.lock. Run 'pod install' or update your CocoaPods installation.\" >&2\n    exit 1\nfi\n# This output is used by Xcode 'outputs' to avoid re-running this script phase.\necho \"SUCCESS\" > \"${SCRIPT_OUTPUT_FILE_0}\"\n";
			showEnvVarsInLog = 0;
		};
		7510560A8101F2642D494C93 /* [CP] Embed Pods Frameworks */ = {
			isa = PBXShellScriptBuildPhase;
			buildActionMask = 2147483647;
			files = (
			);
			inputFileListPaths = (
				"${PODS_ROOT}/Target Support Files/Pods-UBRateMyProfessor-UBRateMyProfessorUITests/Pods-UBRateMyProfessor-UBRateMyProfessorUITests-frameworks-${CONFIGURATION}-input-files.xcfilelist",
			);
			name = "[CP] Embed Pods Frameworks";
			outputFileListPaths = (
				"${PODS_ROOT}/Target Support Files/Pods-UBRateMyProfessor-UBRateMyProfessorUITests/Pods-UBRateMyProfessor-UBRateMyProfessorUITests-frameworks-${CONFIGURATION}-output-files.xcfilelist",
			);
			runOnlyForDeploymentPostprocessing = 0;
			shellPath = /bin/sh;
			shellScript = "\"${PODS_ROOT}/Target Support Files/Pods-UBRateMyProfessor-UBRateMyProfessorUITests/Pods-UBRateMyProfessor-UBRateMyProfessorUITests-frameworks.sh\"\n";
			showEnvVarsInLog = 0;
		};
		D4BF5D0DFFA61E01A65EF240 /* [CP] Check Pods Manifest.lock */ = {
			isa = PBXShellScriptBuildPhase;
			buildActionMask = 2147483647;
			files = (
			);
			inputFileListPaths = (
			);
			inputPaths = (
				"${PODS_PODFILE_DIR_PATH}/Podfile.lock",
				"${PODS_ROOT}/Manifest.lock",
			);
			name = "[CP] Check Pods Manifest.lock";
			outputFileListPaths = (
			);
			outputPaths = (
				"$(DERIVED_FILE_DIR)/Pods-UBRateMyProfessor-UBRateMyProfessorUITests-checkManifestLockResult.txt",
			);
			runOnlyForDeploymentPostprocessing = 0;
			shellPath = /bin/sh;
			shellScript = "diff \"${PODS_PODFILE_DIR_PATH}/Podfile.lock\" \"${PODS_ROOT}/Manifest.lock\" > /dev/null\nif [ $? != 0 ] ; then\n    # print error to STDERR\n    echo \"error: The sandbox is not in sync with the Podfile.lock. Run 'pod install' or update your CocoaPods installation.\" >&2\n    exit 1\nfi\n# This output is used by Xcode 'outputs' to avoid re-running this script phase.\necho \"SUCCESS\" > \"${SCRIPT_OUTPUT_FILE_0}\"\n";
			showEnvVarsInLog = 0;
		};
		FC68C8CC80CD32AFD79BEE60 /* [CP] Check Pods Manifest.lock */ = {
			isa = PBXShellScriptBuildPhase;
			buildActionMask = 2147483647;
			files = (
			);
			inputFileListPaths = (
			);
			inputPaths = (
				"${PODS_PODFILE_DIR_PATH}/Podfile.lock",
				"${PODS_ROOT}/Manifest.lock",
			);
			name = "[CP] Check Pods Manifest.lock";
			outputFileListPaths = (
			);
			outputPaths = (
				"$(DERIVED_FILE_DIR)/Pods-UBRateMyProfessor-checkManifestLockResult.txt",
			);
			runOnlyForDeploymentPostprocessing = 0;
			shellPath = /bin/sh;
			shellScript = "diff \"${PODS_PODFILE_DIR_PATH}/Podfile.lock\" \"${PODS_ROOT}/Manifest.lock\" > /dev/null\nif [ $? != 0 ] ; then\n    # print error to STDERR\n    echo \"error: The sandbox is not in sync with the Podfile.lock. Run 'pod install' or update your CocoaPods installation.\" >&2\n    exit 1\nfi\n# This output is used by Xcode 'outputs' to avoid re-running this script phase.\necho \"SUCCESS\" > \"${SCRIPT_OUTPUT_FILE_0}\"\n";
			showEnvVarsInLog = 0;
		};
/* End PBXShellScriptBuildPhase section */

/* Begin PBXSourcesBuildPhase section */
		9BE7896D27FA017900DF95AE /* Sources */ = {
			isa = PBXSourcesBuildPhase;
			buildActionMask = 2147483647;
			files = (
				D803DA0428078A1E00F2F67B /* ProfessorsViewController.swift in Sources */,
				9BE7897927FA017900DF95AE /* ViewController.swift in Sources */,
				D803DA0228065FAB00F2F67B /* PostsController.swift in Sources */,
				D803DA0628078A5500F2F67B /* professorCell.swift in Sources */,
				9BE7897527FA017900DF95AE /* AppDelegate.swift in Sources */,
				5DFCBE742807892E007BAE86 /* LoginViewController.swift in Sources */,
				5DFCBE762807893F007BAE86 /* FeedViewController.swift in Sources */,
				9BE7897727FA017900DF95AE /* SceneDelegate.swift in Sources */,
			);
			runOnlyForDeploymentPostprocessing = 0;
		};
		9BE7898327FA017D00DF95AE /* Sources */ = {
			isa = PBXSourcesBuildPhase;
			buildActionMask = 2147483647;
			files = (
				9BE7898C27FA017D00DF95AE /* UBRateMyProfessorTests.swift in Sources */,
			);
			runOnlyForDeploymentPostprocessing = 0;
		};
		9BE7898D27FA017D00DF95AE /* Sources */ = {
			isa = PBXSourcesBuildPhase;
			buildActionMask = 2147483647;
			files = (
				9BE7899627FA017D00DF95AE /* UBRateMyProfessorUITests.swift in Sources */,
				9BE7899827FA017D00DF95AE /* UBRateMyProfessorUITestsLaunchTests.swift in Sources */,
			);
			runOnlyForDeploymentPostprocessing = 0;
		};
/* End PBXSourcesBuildPhase section */

/* Begin PBXTargetDependency section */
		9BE7898927FA017D00DF95AE /* PBXTargetDependency */ = {
			isa = PBXTargetDependency;
			target = 9BE7897027FA017900DF95AE /* UBRateMyProfessor */;
			targetProxy = 9BE7898827FA017D00DF95AE /* PBXContainerItemProxy */;
		};
		9BE7899327FA017D00DF95AE /* PBXTargetDependency */ = {
			isa = PBXTargetDependency;
			target = 9BE7897027FA017900DF95AE /* UBRateMyProfessor */;
			targetProxy = 9BE7899227FA017D00DF95AE /* PBXContainerItemProxy */;
		};
/* End PBXTargetDependency section */

/* Begin PBXVariantGroup section */
		9BE7897A27FA017900DF95AE /* Main.storyboard */ = {
			isa = PBXVariantGroup;
			children = (
				9BE7897B27FA017900DF95AE /* Base */,
			);
			name = Main.storyboard;
			sourceTree = "<group>";
		};
		9BE7897F27FA017C00DF95AE /* LaunchScreen.storyboard */ = {
			isa = PBXVariantGroup;
			children = (
				9BE7898027FA017C00DF95AE /* Base */,
			);
			name = LaunchScreen.storyboard;
			sourceTree = "<group>";
		};
/* End PBXVariantGroup section */

/* Begin XCBuildConfiguration section */
		9BE7899927FA017D00DF95AE /* Debug */ = {
			isa = XCBuildConfiguration;
			buildSettings = {
				ALWAYS_SEARCH_USER_PATHS = NO;
				CLANG_ANALYZER_NONNULL = YES;
				CLANG_ANALYZER_NUMBER_OBJECT_CONVERSION = YES_AGGRESSIVE;
				CLANG_CXX_LANGUAGE_STANDARD = "gnu++17";
				CLANG_CXX_LIBRARY = "libc++";
				CLANG_ENABLE_MODULES = YES;
				CLANG_ENABLE_OBJC_ARC = YES;
				CLANG_ENABLE_OBJC_WEAK = YES;
				CLANG_WARN_BLOCK_CAPTURE_AUTORELEASING = YES;
				CLANG_WARN_BOOL_CONVERSION = YES;
				CLANG_WARN_COMMA = YES;
				CLANG_WARN_CONSTANT_CONVERSION = YES;
				CLANG_WARN_DEPRECATED_OBJC_IMPLEMENTATIONS = YES;
				CLANG_WARN_DIRECT_OBJC_ISA_USAGE = YES_ERROR;
				CLANG_WARN_DOCUMENTATION_COMMENTS = YES;
				CLANG_WARN_EMPTY_BODY = YES;
				CLANG_WARN_ENUM_CONVERSION = YES;
				CLANG_WARN_INFINITE_RECURSION = YES;
				CLANG_WARN_INT_CONVERSION = YES;
				CLANG_WARN_NON_LITERAL_NULL_CONVERSION = YES;
				CLANG_WARN_OBJC_IMPLICIT_RETAIN_SELF = YES;
				CLANG_WARN_OBJC_LITERAL_CONVERSION = YES;
				CLANG_WARN_OBJC_ROOT_CLASS = YES_ERROR;
				CLANG_WARN_QUOTED_INCLUDE_IN_FRAMEWORK_HEADER = YES;
				CLANG_WARN_RANGE_LOOP_ANALYSIS = YES;
				CLANG_WARN_STRICT_PROTOTYPES = YES;
				CLANG_WARN_SUSPICIOUS_MOVE = YES;
				CLANG_WARN_UNGUARDED_AVAILABILITY = YES_AGGRESSIVE;
				CLANG_WARN_UNREACHABLE_CODE = YES;
				CLANG_WARN__DUPLICATE_METHOD_MATCH = YES;
				COPY_PHASE_STRIP = NO;
				DEBUG_INFORMATION_FORMAT = dwarf;
				ENABLE_STRICT_OBJC_MSGSEND = YES;
				ENABLE_TESTABILITY = YES;
				GCC_C_LANGUAGE_STANDARD = gnu11;
				GCC_DYNAMIC_NO_PIC = NO;
				GCC_NO_COMMON_BLOCKS = YES;
				GCC_OPTIMIZATION_LEVEL = 0;
				GCC_PREPROCESSOR_DEFINITIONS = (
					"DEBUG=1",
					"$(inherited)",
				);
				GCC_WARN_64_TO_32_BIT_CONVERSION = YES;
				GCC_WARN_ABOUT_RETURN_TYPE = YES_ERROR;
				GCC_WARN_UNDECLARED_SELECTOR = YES;
				GCC_WARN_UNINITIALIZED_AUTOS = YES_AGGRESSIVE;
				GCC_WARN_UNUSED_FUNCTION = YES;
				GCC_WARN_UNUSED_VARIABLE = YES;
				IPHONEOS_DEPLOYMENT_TARGET = 15.2;
				MTL_ENABLE_DEBUG_INFO = INCLUDE_SOURCE;
				MTL_FAST_MATH = YES;
				ONLY_ACTIVE_ARCH = YES;
				SDKROOT = iphoneos;
				SWIFT_ACTIVE_COMPILATION_CONDITIONS = DEBUG;
				SWIFT_OPTIMIZATION_LEVEL = "-Onone";
			};
			name = Debug;
		};
		9BE7899A27FA017D00DF95AE /* Release */ = {
			isa = XCBuildConfiguration;
			buildSettings = {
				ALWAYS_SEARCH_USER_PATHS = NO;
				CLANG_ANALYZER_NONNULL = YES;
				CLANG_ANALYZER_NUMBER_OBJECT_CONVERSION = YES_AGGRESSIVE;
				CLANG_CXX_LANGUAGE_STANDARD = "gnu++17";
				CLANG_CXX_LIBRARY = "libc++";
				CLANG_ENABLE_MODULES = YES;
				CLANG_ENABLE_OBJC_ARC = YES;
				CLANG_ENABLE_OBJC_WEAK = YES;
				CLANG_WARN_BLOCK_CAPTURE_AUTORELEASING = YES;
				CLANG_WARN_BOOL_CONVERSION = YES;
				CLANG_WARN_COMMA = YES;
				CLANG_WARN_CONSTANT_CONVERSION = YES;
				CLANG_WARN_DEPRECATED_OBJC_IMPLEMENTATIONS = YES;
				CLANG_WARN_DIRECT_OBJC_ISA_USAGE = YES_ERROR;
				CLANG_WARN_DOCUMENTATION_COMMENTS = YES;
				CLANG_WARN_EMPTY_BODY = YES;
				CLANG_WARN_ENUM_CONVERSION = YES;
				CLANG_WARN_INFINITE_RECURSION = YES;
				CLANG_WARN_INT_CONVERSION = YES;
				CLANG_WARN_NON_LITERAL_NULL_CONVERSION = YES;
				CLANG_WARN_OBJC_IMPLICIT_RETAIN_SELF = YES;
				CLANG_WARN_OBJC_LITERAL_CONVERSION = YES;
				CLANG_WARN_OBJC_ROOT_CLASS = YES_ERROR;
				CLANG_WARN_QUOTED_INCLUDE_IN_FRAMEWORK_HEADER = YES;
				CLANG_WARN_RANGE_LOOP_ANALYSIS = YES;
				CLANG_WARN_STRICT_PROTOTYPES = YES;
				CLANG_WARN_SUSPICIOUS_MOVE = YES;
				CLANG_WARN_UNGUARDED_AVAILABILITY = YES_AGGRESSIVE;
				CLANG_WARN_UNREACHABLE_CODE = YES;
				CLANG_WARN__DUPLICATE_METHOD_MATCH = YES;
				COPY_PHASE_STRIP = NO;
				DEBUG_INFORMATION_FORMAT = "dwarf-with-dsym";
				ENABLE_NS_ASSERTIONS = NO;
				ENABLE_STRICT_OBJC_MSGSEND = YES;
				GCC_C_LANGUAGE_STANDARD = gnu11;
				GCC_NO_COMMON_BLOCKS = YES;
				GCC_WARN_64_TO_32_BIT_CONVERSION = YES;
				GCC_WARN_ABOUT_RETURN_TYPE = YES_ERROR;
				GCC_WARN_UNDECLARED_SELECTOR = YES;
				GCC_WARN_UNINITIALIZED_AUTOS = YES_AGGRESSIVE;
				GCC_WARN_UNUSED_FUNCTION = YES;
				GCC_WARN_UNUSED_VARIABLE = YES;
				IPHONEOS_DEPLOYMENT_TARGET = 15.2;
				MTL_ENABLE_DEBUG_INFO = NO;
				MTL_FAST_MATH = YES;
				SDKROOT = iphoneos;
				SWIFT_COMPILATION_MODE = wholemodule;
				SWIFT_OPTIMIZATION_LEVEL = "-O";
				VALIDATE_PRODUCT = YES;
			};
			name = Release;
		};
		9BE7899C27FA017D00DF95AE /* Debug */ = {
			isa = XCBuildConfiguration;
			baseConfigurationReference = 0BD6F52FAC1531EF4B0C525E /* Pods-UBRateMyProfessor.debug.xcconfig */;
			buildSettings = {
				ASSETCATALOG_COMPILER_APPICON_NAME = AppIcon;
				ASSETCATALOG_COMPILER_GLOBAL_ACCENT_COLOR_NAME = AccentColor;
				CODE_SIGN_STYLE = Automatic;
				CURRENT_PROJECT_VERSION = 1;
				DEVELOPMENT_TEAM = 22SXDSY42T;
				GENERATE_INFOPLIST_FILE = YES;
				INFOPLIST_FILE = UBRateMyProfessor/Info.plist;
				INFOPLIST_KEY_UIApplicationSupportsIndirectInputEvents = YES;
				INFOPLIST_KEY_UILaunchStoryboardName = LaunchScreen;
				INFOPLIST_KEY_UIMainStoryboardFile = Main;
				INFOPLIST_KEY_UISupportedInterfaceOrientations_iPad = "UIInterfaceOrientationPortrait UIInterfaceOrientationPortraitUpsideDown UIInterfaceOrientationLandscapeLeft UIInterfaceOrientationLandscapeRight";
				INFOPLIST_KEY_UISupportedInterfaceOrientations_iPhone = "UIInterfaceOrientationPortrait UIInterfaceOrientationLandscapeLeft UIInterfaceOrientationLandscapeRight";
				LD_RUNPATH_SEARCH_PATHS = (
					"$(inherited)",
					"@executable_path/Frameworks",
				);
				MARKETING_VERSION = 1.0;
				PRODUCT_BUNDLE_IDENTIFIER = codepath.org.UBRateMyProfessor;
				PRODUCT_NAME = "$(TARGET_NAME)";
				SWIFT_EMIT_LOC_STRINGS = YES;
				SWIFT_VERSION = 5.0;
				TARGETED_DEVICE_FAMILY = "1,2";
			};
			name = Debug;
		};
		9BE7899D27FA017D00DF95AE /* Release */ = {
			isa = XCBuildConfiguration;
			baseConfigurationReference = B5389B4497EEB7497D32325D /* Pods-UBRateMyProfessor.release.xcconfig */;
			buildSettings = {
				ASSETCATALOG_COMPILER_APPICON_NAME = AppIcon;
				ASSETCATALOG_COMPILER_GLOBAL_ACCENT_COLOR_NAME = AccentColor;
				CODE_SIGN_STYLE = Automatic;
				CURRENT_PROJECT_VERSION = 1;
				DEVELOPMENT_TEAM = 22SXDSY42T;
				GENERATE_INFOPLIST_FILE = YES;
				INFOPLIST_FILE = UBRateMyProfessor/Info.plist;
				INFOPLIST_KEY_UIApplicationSupportsIndirectInputEvents = YES;
				INFOPLIST_KEY_UILaunchStoryboardName = LaunchScreen;
				INFOPLIST_KEY_UIMainStoryboardFile = Main;
				INFOPLIST_KEY_UISupportedInterfaceOrientations_iPad = "UIInterfaceOrientationPortrait UIInterfaceOrientationPortraitUpsideDown UIInterfaceOrientationLandscapeLeft UIInterfaceOrientationLandscapeRight";
				INFOPLIST_KEY_UISupportedInterfaceOrientations_iPhone = "UIInterfaceOrientationPortrait UIInterfaceOrientationLandscapeLeft UIInterfaceOrientationLandscapeRight";
				LD_RUNPATH_SEARCH_PATHS = (
					"$(inherited)",
					"@executable_path/Frameworks",
				);
				MARKETING_VERSION = 1.0;
				PRODUCT_BUNDLE_IDENTIFIER = codepath.org.UBRateMyProfessor;
				PRODUCT_NAME = "$(TARGET_NAME)";
				SWIFT_EMIT_LOC_STRINGS = YES;
				SWIFT_VERSION = 5.0;
				TARGETED_DEVICE_FAMILY = "1,2";
			};
			name = Release;
		};
		9BE7899F27FA017D00DF95AE /* Debug */ = {
			isa = XCBuildConfiguration;
			baseConfigurationReference = AAE2B947BBD0E36ECD72FDCF /* Pods-UBRateMyProfessorTests.debug.xcconfig */;
			buildSettings = {
				ALWAYS_EMBED_SWIFT_STANDARD_LIBRARIES = YES;
				BUNDLE_LOADER = "$(TEST_HOST)";
				CODE_SIGN_STYLE = Automatic;
				CURRENT_PROJECT_VERSION = 1;
				DEVELOPMENT_TEAM = 4VF47445JF;
				GENERATE_INFOPLIST_FILE = YES;
				IPHONEOS_DEPLOYMENT_TARGET = 15.2;
				MARKETING_VERSION = 1.0;
				PRODUCT_BUNDLE_IDENTIFIER = codepath.org.UBRateMyProfessorTests;
				PRODUCT_NAME = "$(TARGET_NAME)";
				SWIFT_EMIT_LOC_STRINGS = NO;
				SWIFT_VERSION = 5.0;
				TARGETED_DEVICE_FAMILY = "1,2";
				TEST_HOST = "$(BUILT_PRODUCTS_DIR)/UBRateMyProfessor.app/UBRateMyProfessor";
			};
			name = Debug;
		};
		9BE789A027FA017D00DF95AE /* Release */ = {
			isa = XCBuildConfiguration;
			baseConfigurationReference = 4EB93214786E59908565258D /* Pods-UBRateMyProfessorTests.release.xcconfig */;
			buildSettings = {
				ALWAYS_EMBED_SWIFT_STANDARD_LIBRARIES = YES;
				BUNDLE_LOADER = "$(TEST_HOST)";
				CODE_SIGN_STYLE = Automatic;
				CURRENT_PROJECT_VERSION = 1;
				DEVELOPMENT_TEAM = 4VF47445JF;
				GENERATE_INFOPLIST_FILE = YES;
				IPHONEOS_DEPLOYMENT_TARGET = 15.2;
				MARKETING_VERSION = 1.0;
				PRODUCT_BUNDLE_IDENTIFIER = codepath.org.UBRateMyProfessorTests;
				PRODUCT_NAME = "$(TARGET_NAME)";
				SWIFT_EMIT_LOC_STRINGS = NO;
				SWIFT_VERSION = 5.0;
				TARGETED_DEVICE_FAMILY = "1,2";
				TEST_HOST = "$(BUILT_PRODUCTS_DIR)/UBRateMyProfessor.app/UBRateMyProfessor";
			};
			name = Release;
		};
		9BE789A227FA017D00DF95AE /* Debug */ = {
			isa = XCBuildConfiguration;
			baseConfigurationReference = FEEAFECA1A493415CB927B41 /* Pods-UBRateMyProfessor-UBRateMyProfessorUITests.debug.xcconfig */;
			buildSettings = {
				ALWAYS_EMBED_SWIFT_STANDARD_LIBRARIES = YES;
				CODE_SIGN_STYLE = Automatic;
				CURRENT_PROJECT_VERSION = 1;
				DEVELOPMENT_TEAM = 4VF47445JF;
				GENERATE_INFOPLIST_FILE = YES;
				MARKETING_VERSION = 1.0;
				PRODUCT_BUNDLE_IDENTIFIER = codepath.org.UBRateMyProfessorUITests;
				PRODUCT_NAME = "$(TARGET_NAME)";
				SWIFT_EMIT_LOC_STRINGS = NO;
				SWIFT_VERSION = 5.0;
				TARGETED_DEVICE_FAMILY = "1,2";
				TEST_TARGET_NAME = UBRateMyProfessor;
			};
			name = Debug;
		};
		9BE789A327FA017D00DF95AE /* Release */ = {
			isa = XCBuildConfiguration;
			baseConfigurationReference = 053F2AB519B1450E59E00742 /* Pods-UBRateMyProfessor-UBRateMyProfessorUITests.release.xcconfig */;
			buildSettings = {
				ALWAYS_EMBED_SWIFT_STANDARD_LIBRARIES = YES;
				CODE_SIGN_STYLE = Automatic;
				CURRENT_PROJECT_VERSION = 1;
				DEVELOPMENT_TEAM = 4VF47445JF;
				GENERATE_INFOPLIST_FILE = YES;
				MARKETING_VERSION = 1.0;
				PRODUCT_BUNDLE_IDENTIFIER = codepath.org.UBRateMyProfessorUITests;
				PRODUCT_NAME = "$(TARGET_NAME)";
				SWIFT_EMIT_LOC_STRINGS = NO;
				SWIFT_VERSION = 5.0;
				TARGETED_DEVICE_FAMILY = "1,2";
				TEST_TARGET_NAME = UBRateMyProfessor;
			};
			name = Release;
		};
/* End XCBuildConfiguration section */

/* Begin XCConfigurationList section */
		9BE7896C27FA017900DF95AE /* Build configuration list for PBXProject "UBRateMyProfessor" */ = {
			isa = XCConfigurationList;
			buildConfigurations = (
				9BE7899927FA017D00DF95AE /* Debug */,
				9BE7899A27FA017D00DF95AE /* Release */,
			);
			defaultConfigurationIsVisible = 0;
			defaultConfigurationName = Release;
		};
		9BE7899B27FA017D00DF95AE /* Build configuration list for PBXNativeTarget "UBRateMyProfessor" */ = {
			isa = XCConfigurationList;
			buildConfigurations = (
				9BE7899C27FA017D00DF95AE /* Debug */,
				9BE7899D27FA017D00DF95AE /* Release */,
			);
			defaultConfigurationIsVisible = 0;
			defaultConfigurationName = Release;
		};
		9BE7899E27FA017D00DF95AE /* Build configuration list for PBXNativeTarget "UBRateMyProfessorTests" */ = {
			isa = XCConfigurationList;
			buildConfigurations = (
				9BE7899F27FA017D00DF95AE /* Debug */,
				9BE789A027FA017D00DF95AE /* Release */,
			);
			defaultConfigurationIsVisible = 0;
			defaultConfigurationName = Release;
		};
		9BE789A127FA017D00DF95AE /* Build configuration list for PBXNativeTarget "UBRateMyProfessorUITests" */ = {
			isa = XCConfigurationList;
			buildConfigurations = (
				9BE789A227FA017D00DF95AE /* Debug */,
				9BE789A327FA017D00DF95AE /* Release */,
			);
			defaultConfigurationIsVisible = 0;
			defaultConfigurationName = Release;
		};
/* End XCConfigurationList section */
	};
	rootObject = 9BE7896927FA017900DF95AE /* Project object */;
}
